
Microsoft Visual Studio Solution File, Format Version 12.00
# Visual Studio Version 16
VisualStudioVersion = 16.0.31129.286
MinimumVisualStudioVersion = 10.0.40219.1
Project("{FAE04EC0-301F-11D3-BF4B-00C04F79EFBC}") = "TLuhn", "TLuhn.csproj", "{8DB72569-5A0A-4351-B5F8-31A24C3814DE}"
EndProject
Global
	GlobalSection(SolutionConfigurationPlatforms) = preSolution
		Debug|Any CPU = Debug|Any CPU
		Release|Any CPU = Release|Any CPU
	EndGlobalSection
	GlobalSection(ProjectConfigurationPlatforms) = postSolution
		{8DB72569-5A0A-4351-B5F8-31A24C3814DE}.Debug|Any CPU.ActiveCfg = Debug|Any CPU
		{8DB72569-5A0A-4351-B5F8-31A24C3814DE}.Debug|Any CPU.Build.0 = Debug|Any CPU
		{8DB72569-5A0A-4351-B5F8-31A24C3814DE}.Release|Any CPU.ActiveCfg = Release|Any CPU
		{8DB72569-5A0A-4351-B5F8-31A24C3814DE}.Release|Any CPU.Build.0 = Release|Any CPU
	EndGlobalSection
	GlobalSection(SolutionProperties) = preSolution
		HideSolutionNode = FALSE
	EndGlobalSection
	GlobalSection(ExtensibilityGlobals) = postSolution
		SolutionGuid = {32415139-DDB4-4B6E-A9F0-DCFFA050A67F}
	EndGlobalSection
EndGlobal
